
Microsoft Visual Studio Solution File, Format Version 12.00
# Visual Studio Version 16
VisualStudioVersion = 16.0.31624.102
MinimumVisualStudioVersion = 10.0.40219.1
Project("{8BC9CEB8-8B4A-11D0-8D11-00A0C91BC942}") = "Treść zadań", "Treść zadań\Treść zadań.vcxproj", "{0B07B802-470B-4138-B230-2B10985A7182}"
EndProject
Project("{2150E333-8FDC-42A3-9474-1A3956D46DE8}") = "0. Treści zadań", "0. Treści zadań", "{1D9152DC-3916-4267-8618-BDBB776AF330}"
EndProject
Project("{2150E333-8FDC-42A3-9474-1A3956D46DE8}") = "1. Podstawy programowania", "1. Podstawy programowania", "{5219D71D-C2E7-4327-8887-395646D84B2A}"
EndProject
Project("{8BC9CEB8-8B4A-11D0-8D11-00A0C91BC942}") = "Podstawy programowania", "Podstawy programowania\Podstawy programowania.vcxproj", "{574655A8-6396-42CF-A03E-50A28749F221}"
EndProject
Project("{2150E333-8FDC-42A3-9474-1A3956D46DE8}") = "2. Instrukcja warunkowe", "2. Instrukcja warunkowe", "{D06B56EF-0F91-4942-9BBA-0E943D9DC996}"
EndProject
Project("{8BC9CEB8-8B4A-11D0-8D11-00A0C91BC942}") = "Instrukcja IF", "Instrukcja IF\Instrukcja IF.vcxproj", "{EB4BDB4C-9727-4498-99C9-F9865D3EA9A5}"
EndProject
Project("{8BC9CEB8-8B4A-11D0-8D11-00A0C91BC942}") = "Instrukcja WHILE", "Instrukcja WHILE\Instrukcja WHILE.vcxproj", "{DAC1F5AD-1C5B-478E-A318-43AA4AC3E419}"
EndProject
Project("{8BC9CEB8-8B4A-11D0-8D11-00A0C91BC942}") = "Instrukcja DO-WHILE", "Instrukcja DO-WHILE\Instrukcja DO-WHILE.vcxproj", "{41739FE2-D2B2-4447-AA5A-7F81676ECBF9}"
EndProject
Project("{8BC9CEB8-8B4A-11D0-8D11-00A0C91BC942}") = "Instrukcja FOR", "Instrukcja FOR\Instrukcja FOR.vcxproj", "{AB2D89D1-36BF-4E33-B3EE-3FF78245DD7E}"
EndProject
Project("{8BC9CEB8-8B4A-11D0-8D11-00A0C91BC942}") = "Instrukcja SWITCH", "Instrukcja SWITCH\Instrukcja SWITCH.vcxproj", "{245A9F3B-AAF1-4014-A632-0222B74012AB}"
EndProject
Project("{2150E333-8FDC-42A3-9474-1A3956D46DE8}") = "3. Łańcuchy znaków", "3. Łańcuchy znaków", "{9FC189B0-BE2F-4E7D-84C8-849BA3F300E6}"
EndProject
Project("{8BC9CEB8-8B4A-11D0-8D11-00A0C91BC942}") = "Typ Char", "Typ Char\Typ Char.vcxproj", "{31AA7405-1731-48A8-AFDE-EE16E347B03A}"
EndProject
Project("{2150E333-8FDC-42A3-9474-1A3956D46DE8}") = "4. Funkcje", "4. Funkcje", "{6CAA5402-20B2-4AC5-9EB0-FA0116FDE3C8}"
EndProject
Project("{8BC9CEB8-8B4A-11D0-8D11-00A0C91BC942}") = "Funkcje", "Funkcje\Funkcje.vcxproj", "{2E98D979-5954-433F-B0B5-09938A548CC6}"
EndProject
Project("{8BC9CEB8-8B4A-11D0-8D11-00A0C91BC942}") = "Typ string", "Typ string\Typ string.vcxproj", "{623DEB57-3BD3-4299-8599-F9AE83480BFF}"
EndProject
Project("{2150E333-8FDC-42A3-9474-1A3956D46DE8}") = "5. Algorytmy wyszukiwania", "5. Algorytmy wyszukiwania", "{87FC65B3-E5CA-45A8-B5B9-5544965123DB}"
EndProject
Project("{8BC9CEB8-8B4A-11D0-8D11-00A0C91BC942}") = "Algorytmy wyszukiwania", "Algorytmy wyszukiwania\Algorytmy wyszukiwania.vcxproj", "{373539EF-8E53-46F0-82DD-044487242382}"
EndProject
Project("{2150E333-8FDC-42A3-9474-1A3956D46DE8}") = "6. Kolekcje", "6. Kolekcje", "{60F98016-89CB-417F-9BBA-4F868AE7A447}"
EndProject
Project("{8BC9CEB8-8B4A-11D0-8D11-00A0C91BC942}") = "Tablice", "Tablice\Tablice.vcxproj", "{0B5109FD-6DDF-4A44-9C88-13D58D4DB800}"
EndProject
Project("{2150E333-8FDC-42A3-9474-1A3956D46DE8}") = "7. Powtórzenie", "7. Powtórzenie", "{1A0633A2-30B8-4C36-8D9D-7E07224710B8}"
EndProject
Project("{8BC9CEB8-8B4A-11D0-8D11-00A0C91BC942}") = "Powtorzenie", "Powtorzenie\Powtorzenie.vcxproj", "{5B33E74D-B54A-4695-BC95-942DC58198B3}"
EndProject
Project("{2150E333-8FDC-42A3-9474-1A3956D46DE8}") = "zadania", "zadania", "{724CF50D-5DDB-4132-8C54-03E5655BD69F}"
	ProjectSection(SolutionItems) = preProject
		.editorconfig = .editorconfig
		.editorconfig.inferred = .editorconfig.inferred
	EndProjectSection
EndProject
Project("{2150E333-8FDC-42A3-9474-1A3956D46DE8}") = "NewFolder1", "NewFolder1", "{7567985C-7234-4DB6-AE1B-DE2D9ED33CB2}"
EndProject
Project("{2150E333-8FDC-42A3-9474-1A3956D46DE8}") = "8 struktury", "8 struktury", "{19F38800-513E-4B6B-93A8-C47EEDE5CB4B}"
EndProject
Project("{8BC9CEB8-8B4A-11D0-8D11-00A0C91BC942}") = "co-oredinatesProgram", "co-oredinatesProgram\co-oredinatesProgram.vcxproj", "{85348C22-370A-403D-A5DA-FDB74F723420}"
EndProject
Project("{8BC9CEB8-8B4A-11D0-8D11-00A0C91BC942}") = "9 Wskaźniki", "Solucje\Solucje.vcxproj", "{5774DD7A-8113-4F0D-8564-4416D487C0E7}"
EndProject
Project("{2150E333-8FDC-42A3-9474-1A3956D46DE8}") = "10 POdstawy obiektow", "10 POdstawy obiektow", "{8BC6BC0A-AC16-45AA-A8A0-1C2946CD6802}"
EndProject
Project("{8BC9CEB8-8B4A-11D0-8D11-00A0C91BC942}") = "obiekty", "obiekty\obiekty.vcxproj", "{D938D2C0-3AD9-4955-B850-A05897553F00}"
EndProject
Project("{8BC9CEB8-8B4A-11D0-8D11-00A0C91BC942}") = "samochód", "samochód\samochód.vcxproj", "{A13CE480-13EF-4813-A13E-70152E141171}"
EndProject
Project("{8BC9CEB8-8B4A-11D0-8D11-00A0C91BC942}") = "MyOwnObjectTask", "MyOwnObjectTask\MyOwnObjectTask.vcxproj", "{0134EFD6-0C6B-4301-AFEA-4F687E8E4A21}"
EndProject
Project("{2150E333-8FDC-42A3-9474-1A3956D46DE8}") = "C++", "C++", "{B898513A-B6A2-4820-84C6-1329CB15DA99}"
EndProject
Project("{2150E333-8FDC-42A3-9474-1A3956D46DE8}") = "css", "css", "{DBBAE206-B13E-4C9F-91AC-59C02595B125}"
EndProject
Project("{2150E333-8FDC-42A3-9474-1A3956D46DE8}") = "css  CSharp", "css  CSharp", "{B052DAD2-C9B2-4E53-8FED-0441C2219026}"
EndProject
Project("{2150E333-8FDC-42A3-9474-1A3956D46DE8}") = "NewFolder1", "NewFolder1", "{EEE938F8-C0A1-4591-94BF-AAAA581209E1}"
EndProject
Project("{9A19103F-16F7-4668-BE54-9A1E7A4F7556}") = "FirstConsolApp", "FirstConsolApp\FirstConsolApp.csproj", "{976124F3-B98A-486F-869F-12DA900E4752}"
EndProject
Project("{9A19103F-16F7-4668-BE54-9A1E7A4F7556}") = "FirstConsolObjectApp", "FirstCOnsolObjectApp\FirstConsolObjectApp.csproj", "{19F1DCB2-2944-4B90-818F-B71C1FBD8F41}"
EndProject
Project("{2150E333-8FDC-42A3-9474-1A3956D46DE8}") = "0.2 Kolekcje", "0.2 Kolekcje", "{55FC214B-B360-4BF4-BD6F-CC334162427A}"
EndProject
Project("{9A19103F-16F7-4668-BE54-9A1E7A4F7556}") = "ColetionConsolApp", "Koletion consol app\ColetionConsolApp.csproj", "{94F04B14-08BC-4DE5-95E2-32FD64A84074}"
EndProject
Project("{2150E333-8FDC-42A3-9474-1A3956D46DE8}") = "0.3 obiekty", "0.3 obiekty", "{557CAE78-17D5-4550-884A-18AE5138972F}"
EndProject
Project("{9A19103F-16F7-4668-BE54-9A1E7A4F7556}") = "ShapeConsoleApp1", "ShapeConsoleApp1\ShapeConsoleApp1.csproj", "{6E2C39ED-1614-4664-A19D-D8AA882D22F8}"
EndProject
Project("{2150E333-8FDC-42A3-9474-1A3956D46DE8}") = "0.3 zadania", "0.3 zadania", "{C3A824DE-A9EC-442A-94A4-A4DF11593D3A}"
EndProject
Project("{FAE04EC0-301F-11D3-BF4B-00C04F79EFBC}") = "LotOfTasks", "LotOfTasks\LotOfTasks.csproj", "{03E65F09-6B46-4C48-A1DF-8E95024D8D66}"
EndProject
Global
	GlobalSection(SolutionConfigurationPlatforms) = preSolution
		Debug|Any CPU = Debug|Any CPU
		Debug|x64 = Debug|x64
		Debug|x86 = Debug|x86
		Release|Any CPU = Release|Any CPU
		Release|x64 = Release|x64
		Release|x86 = Release|x86
	EndGlobalSection
	GlobalSection(ProjectConfigurationPlatforms) = postSolution
		{0B07B802-470B-4138-B230-2B10985A7182}.Debug|Any CPU.ActiveCfg = Debug|Win32
		{0B07B802-470B-4138-B230-2B10985A7182}.Debug|x64.ActiveCfg = Debug|x64
		{0B07B802-470B-4138-B230-2B10985A7182}.Debug|x64.Build.0 = Debug|x64
		{0B07B802-470B-4138-B230-2B10985A7182}.Debug|x86.ActiveCfg = Debug|Win32
		{0B07B802-470B-4138-B230-2B10985A7182}.Release|Any CPU.ActiveCfg = Release|Win32
		{0B07B802-470B-4138-B230-2B10985A7182}.Release|x64.ActiveCfg = Release|x64
		{0B07B802-470B-4138-B230-2B10985A7182}.Release|x64.Build.0 = Release|x64
		{0B07B802-470B-4138-B230-2B10985A7182}.Release|x86.ActiveCfg = Release|Win32
		{0B07B802-470B-4138-B230-2B10985A7182}.Release|x86.Build.0 = Release|Win32
		{574655A8-6396-42CF-A03E-50A28749F221}.Debug|Any CPU.ActiveCfg = Debug|Win32
		{574655A8-6396-42CF-A03E-50A28749F221}.Debug|x64.ActiveCfg = Debug|x64
		{574655A8-6396-42CF-A03E-50A28749F221}.Debug|x64.Build.0 = Debug|x64
		{574655A8-6396-42CF-A03E-50A28749F221}.Debug|x86.ActiveCfg = Debug|Win32
		{574655A8-6396-42CF-A03E-50A28749F221}.Debug|x86.Build.0 = Debug|Win32
		{574655A8-6396-42CF-A03E-50A28749F221}.Release|Any CPU.ActiveCfg = Release|Win32
		{574655A8-6396-42CF-A03E-50A28749F221}.Release|x64.ActiveCfg = Release|x64
		{574655A8-6396-42CF-A03E-50A28749F221}.Release|x64.Build.0 = Release|x64
		{574655A8-6396-42CF-A03E-50A28749F221}.Release|x86.ActiveCfg = Release|Win32
		{574655A8-6396-42CF-A03E-50A28749F221}.Release|x86.Build.0 = Release|Win32
		{EB4BDB4C-9727-4498-99C9-F9865D3EA9A5}.Debug|Any CPU.ActiveCfg = Debug|Win32
		{EB4BDB4C-9727-4498-99C9-F9865D3EA9A5}.Debug|x64.ActiveCfg = Debug|x64
		{EB4BDB4C-9727-4498-99C9-F9865D3EA9A5}.Debug|x64.Build.0 = Debug|x64
		{EB4BDB4C-9727-4498-99C9-F9865D3EA9A5}.Debug|x86.ActiveCfg = Debug|Win32
		{EB4BDB4C-9727-4498-99C9-F9865D3EA9A5}.Debug|x86.Build.0 = Debug|Win32
		{EB4BDB4C-9727-4498-99C9-F9865D3EA9A5}.Release|Any CPU.ActiveCfg = Release|Win32
		{EB4BDB4C-9727-4498-99C9-F9865D3EA9A5}.Release|x64.ActiveCfg = Release|x64
		{EB4BDB4C-9727-4498-99C9-F9865D3EA9A5}.Release|x64.Build.0 = Release|x64
		{EB4BDB4C-9727-4498-99C9-F9865D3EA9A5}.Release|x86.ActiveCfg = Release|Win32
		{EB4BDB4C-9727-4498-99C9-F9865D3EA9A5}.Release|x86.Build.0 = Release|Win32
		{DAC1F5AD-1C5B-478E-A318-43AA4AC3E419}.Debug|Any CPU.ActiveCfg = Debug|Win32
		{DAC1F5AD-1C5B-478E-A318-43AA4AC3E419}.Debug|x64.ActiveCfg = Debug|x64
		{DAC1F5AD-1C5B-478E-A318-43AA4AC3E419}.Debug|x64.Build.0 = Debug|x64
		{DAC1F5AD-1C5B-478E-A318-43AA4AC3E419}.Debug|x86.ActiveCfg = Debug|Win32
		{DAC1F5AD-1C5B-478E-A318-43AA4AC3E419}.Debug|x86.Build.0 = Debug|Win32
		{DAC1F5AD-1C5B-478E-A318-43AA4AC3E419}.Release|Any CPU.ActiveCfg = Release|Win32
		{DAC1F5AD-1C5B-478E-A318-43AA4AC3E419}.Release|x64.ActiveCfg = Release|x64
		{DAC1F5AD-1C5B-478E-A318-43AA4AC3E419}.Release|x64.Build.0 = Release|x64
		{DAC1F5AD-1C5B-478E-A318-43AA4AC3E419}.Release|x86.ActiveCfg = Release|Win32
		{DAC1F5AD-1C5B-478E-A318-43AA4AC3E419}.Release|x86.Build.0 = Release|Win32
		{41739FE2-D2B2-4447-AA5A-7F81676ECBF9}.Debug|Any CPU.ActiveCfg = Debug|Win32
		{41739FE2-D2B2-4447-AA5A-7F81676ECBF9}.Debug|x64.ActiveCfg = Debug|x64
		{41739FE2-D2B2-4447-AA5A-7F81676ECBF9}.Debug|x64.Build.0 = Debug|x64
		{41739FE2-D2B2-4447-AA5A-7F81676ECBF9}.Debug|x86.ActiveCfg = Debug|Win32
		{41739FE2-D2B2-4447-AA5A-7F81676ECBF9}.Debug|x86.Build.0 = Debug|Win32
		{41739FE2-D2B2-4447-AA5A-7F81676ECBF9}.Release|Any CPU.ActiveCfg = Release|Win32
		{41739FE2-D2B2-4447-AA5A-7F81676ECBF9}.Release|x64.ActiveCfg = Release|x64
		{41739FE2-D2B2-4447-AA5A-7F81676ECBF9}.Release|x64.Build.0 = Release|x64
		{41739FE2-D2B2-4447-AA5A-7F81676ECBF9}.Release|x86.ActiveCfg = Release|Win32
		{41739FE2-D2B2-4447-AA5A-7F81676ECBF9}.Release|x86.Build.0 = Release|Win32
		{AB2D89D1-36BF-4E33-B3EE-3FF78245DD7E}.Debug|Any CPU.ActiveCfg = Debug|Win32
		{AB2D89D1-36BF-4E33-B3EE-3FF78245DD7E}.Debug|x64.ActiveCfg = Debug|x64
		{AB2D89D1-36BF-4E33-B3EE-3FF78245DD7E}.Debug|x64.Build.0 = Debug|x64
		{AB2D89D1-36BF-4E33-B3EE-3FF78245DD7E}.Debug|x86.ActiveCfg = Debug|Win32
		{AB2D89D1-36BF-4E33-B3EE-3FF78245DD7E}.Debug|x86.Build.0 = Debug|Win32
		{AB2D89D1-36BF-4E33-B3EE-3FF78245DD7E}.Release|Any CPU.ActiveCfg = Release|Win32
		{AB2D89D1-36BF-4E33-B3EE-3FF78245DD7E}.Release|x64.ActiveCfg = Release|x64
		{AB2D89D1-36BF-4E33-B3EE-3FF78245DD7E}.Release|x64.Build.0 = Release|x64
		{AB2D89D1-36BF-4E33-B3EE-3FF78245DD7E}.Release|x86.ActiveCfg = Release|Win32
		{AB2D89D1-36BF-4E33-B3EE-3FF78245DD7E}.Release|x86.Build.0 = Release|Win32
		{245A9F3B-AAF1-4014-A632-0222B74012AB}.Debug|Any CPU.ActiveCfg = Debug|Win32
		{245A9F3B-AAF1-4014-A632-0222B74012AB}.Debug|x64.ActiveCfg = Debug|x64
		{245A9F3B-AAF1-4014-A632-0222B74012AB}.Debug|x64.Build.0 = Debug|x64
		{245A9F3B-AAF1-4014-A632-0222B74012AB}.Debug|x86.ActiveCfg = Debug|Win32
		{245A9F3B-AAF1-4014-A632-0222B74012AB}.Debug|x86.Build.0 = Debug|Win32
		{245A9F3B-AAF1-4014-A632-0222B74012AB}.Release|Any CPU.ActiveCfg = Release|Win32
		{245A9F3B-AAF1-4014-A632-0222B74012AB}.Release|x64.ActiveCfg = Release|x64
		{245A9F3B-AAF1-4014-A632-0222B74012AB}.Release|x64.Build.0 = Release|x64
		{245A9F3B-AAF1-4014-A632-0222B74012AB}.Release|x86.ActiveCfg = Release|Win32
		{245A9F3B-AAF1-4014-A632-0222B74012AB}.Release|x86.Build.0 = Release|Win32
		{31AA7405-1731-48A8-AFDE-EE16E347B03A}.Debug|Any CPU.ActiveCfg = Debug|Win32
		{31AA7405-1731-48A8-AFDE-EE16E347B03A}.Debug|x64.ActiveCfg = Debug|x64
		{31AA7405-1731-48A8-AFDE-EE16E347B03A}.Debug|x64.Build.0 = Debug|x64
		{31AA7405-1731-48A8-AFDE-EE16E347B03A}.Debug|x86.ActiveCfg = Debug|Win32
		{31AA7405-1731-48A8-AFDE-EE16E347B03A}.Debug|x86.Build.0 = Debug|Win32
		{31AA7405-1731-48A8-AFDE-EE16E347B03A}.Release|Any CPU.ActiveCfg = Release|Win32
		{31AA7405-1731-48A8-AFDE-EE16E347B03A}.Release|x64.ActiveCfg = Release|x64
		{31AA7405-1731-48A8-AFDE-EE16E347B03A}.Release|x64.Build.0 = Release|x64
		{31AA7405-1731-48A8-AFDE-EE16E347B03A}.Release|x86.ActiveCfg = Release|Win32
		{31AA7405-1731-48A8-AFDE-EE16E347B03A}.Release|x86.Build.0 = Release|Win32
		{2E98D979-5954-433F-B0B5-09938A548CC6}.Debug|Any CPU.ActiveCfg = Debug|Win32
		{2E98D979-5954-433F-B0B5-09938A548CC6}.Debug|x64.ActiveCfg = Debug|x64
		{2E98D979-5954-433F-B0B5-09938A548CC6}.Debug|x64.Build.0 = Debug|x64
		{2E98D979-5954-433F-B0B5-09938A548CC6}.Debug|x86.ActiveCfg = Debug|Win32
		{2E98D979-5954-433F-B0B5-09938A548CC6}.Debug|x86.Build.0 = Debug|Win32
		{2E98D979-5954-433F-B0B5-09938A548CC6}.Release|Any CPU.ActiveCfg = Release|Win32
		{2E98D979-5954-433F-B0B5-09938A548CC6}.Release|x64.ActiveCfg = Release|x64
		{2E98D979-5954-433F-B0B5-09938A548CC6}.Release|x64.Build.0 = Release|x64
		{2E98D979-5954-433F-B0B5-09938A548CC6}.Release|x86.ActiveCfg = Release|Win32
		{2E98D979-5954-433F-B0B5-09938A548CC6}.Release|x86.Build.0 = Release|Win32
		{623DEB57-3BD3-4299-8599-F9AE83480BFF}.Debug|Any CPU.ActiveCfg = Debug|Win32
		{623DEB57-3BD3-4299-8599-F9AE83480BFF}.Debug|x64.ActiveCfg = Debug|x64
		{623DEB57-3BD3-4299-8599-F9AE83480BFF}.Debug|x64.Build.0 = Debug|x64
		{623DEB57-3BD3-4299-8599-F9AE83480BFF}.Debug|x86.ActiveCfg = Debug|Win32
		{623DEB57-3BD3-4299-8599-F9AE83480BFF}.Debug|x86.Build.0 = Debug|Win32
		{623DEB57-3BD3-4299-8599-F9AE83480BFF}.Release|Any CPU.ActiveCfg = Release|Win32
		{623DEB57-3BD3-4299-8599-F9AE83480BFF}.Release|x64.ActiveCfg = Release|x64
		{623DEB57-3BD3-4299-8599-F9AE83480BFF}.Release|x64.Build.0 = Release|x64
		{623DEB57-3BD3-4299-8599-F9AE83480BFF}.Release|x86.ActiveCfg = Release|Win32
		{623DEB57-3BD3-4299-8599-F9AE83480BFF}.Release|x86.Build.0 = Release|Win32
		{373539EF-8E53-46F0-82DD-044487242382}.Debug|Any CPU.ActiveCfg = Debug|Win32
		{373539EF-8E53-46F0-82DD-044487242382}.Debug|x64.ActiveCfg = Debug|x64
		{373539EF-8E53-46F0-82DD-044487242382}.Debug|x64.Build.0 = Debug|x64
		{373539EF-8E53-46F0-82DD-044487242382}.Debug|x86.ActiveCfg = Debug|Win32
		{373539EF-8E53-46F0-82DD-044487242382}.Debug|x86.Build.0 = Debug|Win32
		{373539EF-8E53-46F0-82DD-044487242382}.Release|Any CPU.ActiveCfg = Release|Win32
		{373539EF-8E53-46F0-82DD-044487242382}.Release|x64.ActiveCfg = Release|x64
		{373539EF-8E53-46F0-82DD-044487242382}.Release|x64.Build.0 = Release|x64
		{373539EF-8E53-46F0-82DD-044487242382}.Release|x86.ActiveCfg = Release|Win32
		{373539EF-8E53-46F0-82DD-044487242382}.Release|x86.Build.0 = Release|Win32
		{0B5109FD-6DDF-4A44-9C88-13D58D4DB800}.Debug|Any CPU.ActiveCfg = Debug|Win32
		{0B5109FD-6DDF-4A44-9C88-13D58D4DB800}.Debug|x64.ActiveCfg = Debug|x64
		{0B5109FD-6DDF-4A44-9C88-13D58D4DB800}.Debug|x64.Build.0 = Debug|x64
		{0B5109FD-6DDF-4A44-9C88-13D58D4DB800}.Debug|x86.ActiveCfg = Debug|Win32
		{0B5109FD-6DDF-4A44-9C88-13D58D4DB800}.Debug|x86.Build.0 = Debug|Win32
		{0B5109FD-6DDF-4A44-9C88-13D58D4DB800}.Release|Any CPU.ActiveCfg = Release|Win32
		{0B5109FD-6DDF-4A44-9C88-13D58D4DB800}.Release|x64.ActiveCfg = Release|x64
		{0B5109FD-6DDF-4A44-9C88-13D58D4DB800}.Release|x64.Build.0 = Release|x64
		{0B5109FD-6DDF-4A44-9C88-13D58D4DB800}.Release|x86.ActiveCfg = Release|Win32
		{0B5109FD-6DDF-4A44-9C88-13D58D4DB800}.Release|x86.Build.0 = Release|Win32
		{5B33E74D-B54A-4695-BC95-942DC58198B3}.Debug|Any CPU.ActiveCfg = Debug|Win32
		{5B33E74D-B54A-4695-BC95-942DC58198B3}.Debug|x64.ActiveCfg = Debug|x64
		{5B33E74D-B54A-4695-BC95-942DC58198B3}.Debug|x64.Build.0 = Debug|x64
		{5B33E74D-B54A-4695-BC95-942DC58198B3}.Debug|x86.ActiveCfg = Debug|Win32
		{5B33E74D-B54A-4695-BC95-942DC58198B3}.Debug|x86.Build.0 = Debug|Win32
		{5B33E74D-B54A-4695-BC95-942DC58198B3}.Release|Any CPU.ActiveCfg = Release|Win32
		{5B33E74D-B54A-4695-BC95-942DC58198B3}.Release|x64.ActiveCfg = Release|x64
		{5B33E74D-B54A-4695-BC95-942DC58198B3}.Release|x64.Build.0 = Release|x64
		{5B33E74D-B54A-4695-BC95-942DC58198B3}.Release|x86.ActiveCfg = Release|Win32
		{5B33E74D-B54A-4695-BC95-942DC58198B3}.Release|x86.Build.0 = Release|Win32
		{85348C22-370A-403D-A5DA-FDB74F723420}.Debug|Any CPU.ActiveCfg = Debug|Win32
		{85348C22-370A-403D-A5DA-FDB74F723420}.Debug|x64.ActiveCfg = Debug|x64
		{85348C22-370A-403D-A5DA-FDB74F723420}.Debug|x64.Build.0 = Debug|x64
		{85348C22-370A-403D-A5DA-FDB74F723420}.Debug|x86.ActiveCfg = Debug|Win32
		{85348C22-370A-403D-A5DA-FDB74F723420}.Debug|x86.Build.0 = Debug|Win32
		{85348C22-370A-403D-A5DA-FDB74F723420}.Release|Any CPU.ActiveCfg = Release|Win32
		{85348C22-370A-403D-A5DA-FDB74F723420}.Release|x64.ActiveCfg = Release|x64
		{85348C22-370A-403D-A5DA-FDB74F723420}.Release|x64.Build.0 = Release|x64
		{85348C22-370A-403D-A5DA-FDB74F723420}.Release|x86.ActiveCfg = Release|Win32
		{85348C22-370A-403D-A5DA-FDB74F723420}.Release|x86.Build.0 = Release|Win32
		{5774DD7A-8113-4F0D-8564-4416D487C0E7}.Debug|Any CPU.ActiveCfg = Debug|Win32
		{5774DD7A-8113-4F0D-8564-4416D487C0E7}.Debug|x64.ActiveCfg = Debug|x64
		{5774DD7A-8113-4F0D-8564-4416D487C0E7}.Debug|x64.Build.0 = Debug|x64
		{5774DD7A-8113-4F0D-8564-4416D487C0E7}.Debug|x86.ActiveCfg = Debug|Win32
		{5774DD7A-8113-4F0D-8564-4416D487C0E7}.Debug|x86.Build.0 = Debug|Win32
		{5774DD7A-8113-4F0D-8564-4416D487C0E7}.Release|Any CPU.ActiveCfg = Release|Win32
		{5774DD7A-8113-4F0D-8564-4416D487C0E7}.Release|x64.ActiveCfg = Release|x64
		{5774DD7A-8113-4F0D-8564-4416D487C0E7}.Release|x64.Build.0 = Release|x64
		{5774DD7A-8113-4F0D-8564-4416D487C0E7}.Release|x86.ActiveCfg = Release|Win32
		{5774DD7A-8113-4F0D-8564-4416D487C0E7}.Release|x86.Build.0 = Release|Win32
		{D938D2C0-3AD9-4955-B850-A05897553F00}.Debug|Any CPU.ActiveCfg = Debug|Win32
		{D938D2C0-3AD9-4955-B850-A05897553F00}.Debug|x64.ActiveCfg = Debug|x64
		{D938D2C0-3AD9-4955-B850-A05897553F00}.Debug|x64.Build.0 = Debug|x64
		{D938D2C0-3AD9-4955-B850-A05897553F00}.Debug|x86.ActiveCfg = Debug|Win32
		{D938D2C0-3AD9-4955-B850-A05897553F00}.Debug|x86.Build.0 = Debug|Win32
		{D938D2C0-3AD9-4955-B850-A05897553F00}.Release|Any CPU.ActiveCfg = Release|Win32
		{D938D2C0-3AD9-4955-B850-A05897553F00}.Release|x64.ActiveCfg = Release|x64
		{D938D2C0-3AD9-4955-B850-A05897553F00}.Release|x64.Build.0 = Release|x64
		{D938D2C0-3AD9-4955-B850-A05897553F00}.Release|x86.ActiveCfg = Release|Win32
		{D938D2C0-3AD9-4955-B850-A05897553F00}.Release|x86.Build.0 = Release|Win32
		{A13CE480-13EF-4813-A13E-70152E141171}.Debug|Any CPU.ActiveCfg = Debug|Win32
		{A13CE480-13EF-4813-A13E-70152E141171}.Debug|x64.ActiveCfg = Debug|x64
		{A13CE480-13EF-4813-A13E-70152E141171}.Debug|x64.Build.0 = Debug|x64
		{A13CE480-13EF-4813-A13E-70152E141171}.Debug|x86.ActiveCfg = Debug|Win32
		{A13CE480-13EF-4813-A13E-70152E141171}.Debug|x86.Build.0 = Debug|Win32
		{A13CE480-13EF-4813-A13E-70152E141171}.Release|Any CPU.ActiveCfg = Release|Win32
		{A13CE480-13EF-4813-A13E-70152E141171}.Release|x64.ActiveCfg = Release|x64
		{A13CE480-13EF-4813-A13E-70152E141171}.Release|x64.Build.0 = Release|x64
		{A13CE480-13EF-4813-A13E-70152E141171}.Release|x86.ActiveCfg = Release|Win32
		{A13CE480-13EF-4813-A13E-70152E141171}.Release|x86.Build.0 = Release|Win32
		{0134EFD6-0C6B-4301-AFEA-4F687E8E4A21}.Debug|Any CPU.ActiveCfg = Debug|Win32
		{0134EFD6-0C6B-4301-AFEA-4F687E8E4A21}.Debug|x64.ActiveCfg = Debug|x64
		{0134EFD6-0C6B-4301-AFEA-4F687E8E4A21}.Debug|x64.Build.0 = Debug|x64
		{0134EFD6-0C6B-4301-AFEA-4F687E8E4A21}.Debug|x86.ActiveCfg = Debug|Win32
		{0134EFD6-0C6B-4301-AFEA-4F687E8E4A21}.Debug|x86.Build.0 = Debug|Win32
		{0134EFD6-0C6B-4301-AFEA-4F687E8E4A21}.Release|Any CPU.ActiveCfg = Release|Win32
		{0134EFD6-0C6B-4301-AFEA-4F687E8E4A21}.Release|x64.ActiveCfg = Release|x64
		{0134EFD6-0C6B-4301-AFEA-4F687E8E4A21}.Release|x64.Build.0 = Release|x64
		{0134EFD6-0C6B-4301-AFEA-4F687E8E4A21}.Release|x86.ActiveCfg = Release|Win32
		{0134EFD6-0C6B-4301-AFEA-4F687E8E4A21}.Release|x86.Build.0 = Release|Win32
		{976124F3-B98A-486F-869F-12DA900E4752}.Debug|Any CPU.ActiveCfg = Debug|Any CPU
		{976124F3-B98A-486F-869F-12DA900E4752}.Debug|Any CPU.Build.0 = Debug|Any CPU
		{976124F3-B98A-486F-869F-12DA900E4752}.Debug|x64.ActiveCfg = Debug|Any CPU
		{976124F3-B98A-486F-869F-12DA900E4752}.Debug|x64.Build.0 = Debug|Any CPU
		{976124F3-B98A-486F-869F-12DA900E4752}.Debug|x86.ActiveCfg = Debug|Any CPU
		{976124F3-B98A-486F-869F-12DA900E4752}.Debug|x86.Build.0 = Debug|Any CPU
		{976124F3-B98A-486F-869F-12DA900E4752}.Release|Any CPU.ActiveCfg = Release|Any CPU
		{976124F3-B98A-486F-869F-12DA900E4752}.Release|Any CPU.Build.0 = Release|Any CPU
		{976124F3-B98A-486F-869F-12DA900E4752}.Release|x64.ActiveCfg = Release|Any CPU
		{976124F3-B98A-486F-869F-12DA900E4752}.Release|x64.Build.0 = Release|Any CPU
		{976124F3-B98A-486F-869F-12DA900E4752}.Release|x86.ActiveCfg = Release|Any CPU
		{976124F3-B98A-486F-869F-12DA900E4752}.Release|x86.Build.0 = Release|Any CPU
		{19F1DCB2-2944-4B90-818F-B71C1FBD8F41}.Debug|Any CPU.ActiveCfg = Debug|Any CPU
		{19F1DCB2-2944-4B90-818F-B71C1FBD8F41}.Debug|Any CPU.Build.0 = Debug|Any CPU
		{19F1DCB2-2944-4B90-818F-B71C1FBD8F41}.Debug|x64.ActiveCfg = Debug|Any CPU
		{19F1DCB2-2944-4B90-818F-B71C1FBD8F41}.Debug|x64.Build.0 = Debug|Any CPU
		{19F1DCB2-2944-4B90-818F-B71C1FBD8F41}.Debug|x86.ActiveCfg = Debug|Any CPU
		{19F1DCB2-2944-4B90-818F-B71C1FBD8F41}.Debug|x86.Build.0 = Debug|Any CPU
		{19F1DCB2-2944-4B90-818F-B71C1FBD8F41}.Release|Any CPU.ActiveCfg = Release|Any CPU
		{19F1DCB2-2944-4B90-818F-B71C1FBD8F41}.Release|Any CPU.Build.0 = Release|Any CPU
		{19F1DCB2-2944-4B90-818F-B71C1FBD8F41}.Release|x64.ActiveCfg = Release|Any CPU
		{19F1DCB2-2944-4B90-818F-B71C1FBD8F41}.Release|x64.Build.0 = Release|Any CPU
		{19F1DCB2-2944-4B90-818F-B71C1FBD8F41}.Release|x86.ActiveCfg = Release|Any CPU
		{19F1DCB2-2944-4B90-818F-B71C1FBD8F41}.Release|x86.Build.0 = Release|Any CPU
		{94F04B14-08BC-4DE5-95E2-32FD64A84074}.Debug|Any CPU.ActiveCfg = Debug|Any CPU
		{94F04B14-08BC-4DE5-95E2-32FD64A84074}.Debug|Any CPU.Build.0 = Debug|Any CPU
		{94F04B14-08BC-4DE5-95E2-32FD64A84074}.Debug|x64.ActiveCfg = Debug|Any CPU
		{94F04B14-08BC-4DE5-95E2-32FD64A84074}.Debug|x64.Build.0 = Debug|Any CPU
		{94F04B14-08BC-4DE5-95E2-32FD64A84074}.Debug|x86.ActiveCfg = Debug|Any CPU
		{94F04B14-08BC-4DE5-95E2-32FD64A84074}.Debug|x86.Build.0 = Debug|Any CPU
		{94F04B14-08BC-4DE5-95E2-32FD64A84074}.Release|Any CPU.ActiveCfg = Release|Any CPU
		{94F04B14-08BC-4DE5-95E2-32FD64A84074}.Release|Any CPU.Build.0 = Release|Any CPU
		{94F04B14-08BC-4DE5-95E2-32FD64A84074}.Release|x64.ActiveCfg = Release|Any CPU
		{94F04B14-08BC-4DE5-95E2-32FD64A84074}.Release|x64.Build.0 = Release|Any CPU
		{94F04B14-08BC-4DE5-95E2-32FD64A84074}.Release|x86.ActiveCfg = Release|Any CPU
		{94F04B14-08BC-4DE5-95E2-32FD64A84074}.Release|x86.Build.0 = Release|Any CPU
		{6E2C39ED-1614-4664-A19D-D8AA882D22F8}.Debug|Any CPU.ActiveCfg = Debug|Any CPU
		{6E2C39ED-1614-4664-A19D-D8AA882D22F8}.Debug|Any CPU.Build.0 = Debug|Any CPU
		{6E2C39ED-1614-4664-A19D-D8AA882D22F8}.Debug|x64.ActiveCfg = Debug|Any CPU
		{6E2C39ED-1614-4664-A19D-D8AA882D22F8}.Debug|x64.Build.0 = Debug|Any CPU
		{6E2C39ED-1614-4664-A19D-D8AA882D22F8}.Debug|x86.ActiveCfg = Debug|Any CPU
		{6E2C39ED-1614-4664-A19D-D8AA882D22F8}.Debug|x86.Build.0 = Debug|Any CPU
		{6E2C39ED-1614-4664-A19D-D8AA882D22F8}.Release|Any CPU.ActiveCfg = Release|Any CPU
		{6E2C39ED-1614-4664-A19D-D8AA882D22F8}.Release|Any CPU.Build.0 = Release|Any CPU
		{6E2C39ED-1614-4664-A19D-D8AA882D22F8}.Release|x64.ActiveCfg = Release|Any CPU
		{6E2C39ED-1614-4664-A19D-D8AA882D22F8}.Release|x64.Build.0 = Release|Any CPU
		{6E2C39ED-1614-4664-A19D-D8AA882D22F8}.Release|x86.ActiveCfg = Release|Any CPU
		{6E2C39ED-1614-4664-A19D-D8AA882D22F8}.Release|x86.Build.0 = Release|Any CPU
		{03E65F09-6B46-4C48-A1DF-8E95024D8D66}.Debug|Any CPU.ActiveCfg = Debug|Any CPU
		{03E65F09-6B46-4C48-A1DF-8E95024D8D66}.Debug|Any CPU.Build.0 = Debug|Any CPU
		{03E65F09-6B46-4C48-A1DF-8E95024D8D66}.Debug|x64.ActiveCfg = Debug|Any CPU
		{03E65F09-6B46-4C48-A1DF-8E95024D8D66}.Debug|x64.Build.0 = Debug|Any CPU
		{03E65F09-6B46-4C48-A1DF-8E95024D8D66}.Debug|x86.ActiveCfg = Debug|Any CPU
		{03E65F09-6B46-4C48-A1DF-8E95024D8D66}.Debug|x86.Build.0 = Debug|Any CPU
		{03E65F09-6B46-4C48-A1DF-8E95024D8D66}.Release|Any CPU.ActiveCfg = Release|Any CPU
		{03E65F09-6B46-4C48-A1DF-8E95024D8D66}.Release|Any CPU.Build.0 = Release|Any CPU
		{03E65F09-6B46-4C48-A1DF-8E95024D8D66}.Release|x64.ActiveCfg = Release|Any CPU
		{03E65F09-6B46-4C48-A1DF-8E95024D8D66}.Release|x64.Build.0 = Release|Any CPU
		{03E65F09-6B46-4C48-A1DF-8E95024D8D66}.Release|x86.ActiveCfg = Release|Any CPU
		{03E65F09-6B46-4C48-A1DF-8E95024D8D66}.Release|x86.Build.0 = Release|Any CPU
	EndGlobalSection
	GlobalSection(SolutionProperties) = preSolution
		HideSolutionNode = FALSE
	EndGlobalSection
	GlobalSection(NestedProjects) = preSolution
		{0B07B802-470B-4138-B230-2B10985A7182} = {1D9152DC-3916-4267-8618-BDBB776AF330}
		{5219D71D-C2E7-4327-8887-395646D84B2A} = {B898513A-B6A2-4820-84C6-1329CB15DA99}
		{574655A8-6396-42CF-A03E-50A28749F221} = {5219D71D-C2E7-4327-8887-395646D84B2A}
		{D06B56EF-0F91-4942-9BBA-0E943D9DC996} = {5219D71D-C2E7-4327-8887-395646D84B2A}
		{EB4BDB4C-9727-4498-99C9-F9865D3EA9A5} = {D06B56EF-0F91-4942-9BBA-0E943D9DC996}
		{DAC1F5AD-1C5B-478E-A318-43AA4AC3E419} = {D06B56EF-0F91-4942-9BBA-0E943D9DC996}
		{41739FE2-D2B2-4447-AA5A-7F81676ECBF9} = {D06B56EF-0F91-4942-9BBA-0E943D9DC996}
		{AB2D89D1-36BF-4E33-B3EE-3FF78245DD7E} = {D06B56EF-0F91-4942-9BBA-0E943D9DC996}
		{245A9F3B-AAF1-4014-A632-0222B74012AB} = {D06B56EF-0F91-4942-9BBA-0E943D9DC996}
		{9FC189B0-BE2F-4E7D-84C8-849BA3F300E6} = {B898513A-B6A2-4820-84C6-1329CB15DA99}
		{31AA7405-1731-48A8-AFDE-EE16E347B03A} = {9FC189B0-BE2F-4E7D-84C8-849BA3F300E6}
		{6CAA5402-20B2-4AC5-9EB0-FA0116FDE3C8} = {B898513A-B6A2-4820-84C6-1329CB15DA99}
		{2E98D979-5954-433F-B0B5-09938A548CC6} = {6CAA5402-20B2-4AC5-9EB0-FA0116FDE3C8}
		{623DEB57-3BD3-4299-8599-F9AE83480BFF} = {9FC189B0-BE2F-4E7D-84C8-849BA3F300E6}
		{87FC65B3-E5CA-45A8-B5B9-5544965123DB} = {B898513A-B6A2-4820-84C6-1329CB15DA99}
		{373539EF-8E53-46F0-82DD-044487242382} = {87FC65B3-E5CA-45A8-B5B9-5544965123DB}
		{60F98016-89CB-417F-9BBA-4F868AE7A447} = {B898513A-B6A2-4820-84C6-1329CB15DA99}
		{0B5109FD-6DDF-4A44-9C88-13D58D4DB800} = {60F98016-89CB-417F-9BBA-4F868AE7A447}
		{1A0633A2-30B8-4C36-8D9D-7E07224710B8} = {B898513A-B6A2-4820-84C6-1329CB15DA99}
		{5B33E74D-B54A-4695-BC95-942DC58198B3} = {1A0633A2-30B8-4C36-8D9D-7E07224710B8}
		{724CF50D-5DDB-4132-8C54-03E5655BD69F} = {1A0633A2-30B8-4C36-8D9D-7E07224710B8}
		{7567985C-7234-4DB6-AE1B-DE2D9ED33CB2} = {1A0633A2-30B8-4C36-8D9D-7E07224710B8}
		{19F38800-513E-4B6B-93A8-C47EEDE5CB4B} = {B898513A-B6A2-4820-84C6-1329CB15DA99}
		{85348C22-370A-403D-A5DA-FDB74F723420} = {19F38800-513E-4B6B-93A8-C47EEDE5CB4B}
		{5774DD7A-8113-4F0D-8564-4416D487C0E7} = {B898513A-B6A2-4820-84C6-1329CB15DA99}
		{8BC6BC0A-AC16-45AA-A8A0-1C2946CD6802} = {5219D71D-C2E7-4327-8887-395646D84B2A}
		{D938D2C0-3AD9-4955-B850-A05897553F00} = {8BC6BC0A-AC16-45AA-A8A0-1C2946CD6802}
		{A13CE480-13EF-4813-A13E-70152E141171} = {8BC6BC0A-AC16-45AA-A8A0-1C2946CD6802}
		{0134EFD6-0C6B-4301-AFEA-4F687E8E4A21} = {8BC6BC0A-AC16-45AA-A8A0-1C2946CD6802}
		{B898513A-B6A2-4820-84C6-1329CB15DA99} = {1D9152DC-3916-4267-8618-BDBB776AF330}
		{DBBAE206-B13E-4C9F-91AC-59C02595B125} = {B898513A-B6A2-4820-84C6-1329CB15DA99}
		{EEE938F8-C0A1-4591-94BF-AAAA581209E1} = {B052DAD2-C9B2-4E53-8FED-0441C2219026}
		{976124F3-B98A-486F-869F-12DA900E4752} = {EEE938F8-C0A1-4591-94BF-AAAA581209E1}
		{19F1DCB2-2944-4B90-818F-B71C1FBD8F41} = {EEE938F8-C0A1-4591-94BF-AAAA581209E1}
		{55FC214B-B360-4BF4-BD6F-CC334162427A} = {B052DAD2-C9B2-4E53-8FED-0441C2219026}
		{94F04B14-08BC-4DE5-95E2-32FD64A84074} = {55FC214B-B360-4BF4-BD6F-CC334162427A}
		{557CAE78-17D5-4550-884A-18AE5138972F} = {B052DAD2-C9B2-4E53-8FED-0441C2219026}
		{6E2C39ED-1614-4664-A19D-D8AA882D22F8} = {557CAE78-17D5-4550-884A-18AE5138972F}
		{C3A824DE-A9EC-442A-94A4-A4DF11593D3A} = {B052DAD2-C9B2-4E53-8FED-0441C2219026}
		{03E65F09-6B46-4C48-A1DF-8E95024D8D66} = {C3A824DE-A9EC-442A-94A4-A4DF11593D3A}
	EndGlobalSection
	GlobalSection(ExtensibilityGlobals) = postSolution
		SolutionGuid = {76EC34DF-6BC3-4283-8128-050FEAB28534}
	EndGlobalSection
EndGlobal
